
Microsoft Visual Studio Solution File, Format Version 12.00
Project("{FAE04EC0-301F-11D3-BF4B-00C04F79EFBC}") = "NoteTaker", "NoteTaker\NoteTaker.csproj", "{EFB498C8-3241-4A79-8631-6C10C9055096}"
EndProject
Global
	GlobalSection(SolutionConfigurationPlatforms) = preSolution
		Debug|Any CPU = Debug|Any CPU
		Release|Any CPU = Release|Any CPU
	EndGlobalSection
	GlobalSection(ProjectConfigurationPlatforms) = postSolution
		{EFB498C8-3241-4A79-8631-6C10C9055096}.Debug|Any CPU.ActiveCfg = Debug|Any CPU
		{EFB498C8-3241-4A79-8631-6C10C9055096}.Debug|Any CPU.Build.0 = Debug|Any CPU
		{EFB498C8-3241-4A79-8631-6C10C9055096}.Release|Any CPU.ActiveCfg = Release|Any CPU
		{EFB498C8-3241-4A79-8631-6C10C9055096}.Release|Any CPU.Build.0 = Release|Any CPU
	EndGlobalSection
EndGlobal
